{
  "name": "frontend",
  "lockfileVersion": 3,
  "requires": true,
  "packages": {
    "": {
      "dependencies": {
        "jsonplaceholder-frontend": "file:.."
      }
    },
    "..": {
      "name": "jsonplaceholder-frontend",
      "version": "0.1.0",
      "dependencies": {
        "axios": "^1.6.2",
        "core-js": "^3.8.3",
        "pinia": "^2.1.7",
        "vue": "^3.2.13"
      },
      "devDependencies": {
        "@types/jest": "^29.5.11",
        "@typescript-eslint/eslint-plugin": "^5.4.0",
        "@typescript-eslint/parser": "^5.4.0",
        "@vue/cli-plugin-babel": "~5.0.0",
        "@vue/cli-plugin-eslint": "~5.0.0",
        "@vue/cli-plugin-typescript": "~5.0.0",
        "@vue/cli-plugin-unit-jest": "~5.0.0",
        "@vue/cli-service": "~5.0.0",
        "@vue/test-utils": "^2.4.3",
        "eslint": "^7.32.0",
        "eslint-plugin-vue": "^8.0.3",
        "sass": "^1.32.7",
        "sass-loader": "^12.0.0",
        "typescript": "~4.5.5"
      }
    },
    "node_modules/jsonplaceholder-frontend": {
      "resolved": "..",
      "link": true
    }
  }
}
